
Microsoft Visual Studio Solution File, Format Version 12.00
# Visual Studio Version 16
VisualStudioVersion = 16.0.31729.503
MinimumVisualStudioVersion = 10.0.40219.1
Project("{FAE04EC0-301F-11D3-BF4B-00C04F79EFBC}") = "Final Project", "Final Project\Final Project.csproj", "{1AFBDE64-8836-41E6-8F32-AC383F883ACD}"
EndProject
Global
	GlobalSection(SolutionConfigurationPlatforms) = preSolution
		Debug|Any CPU = Debug|Any CPU
		Release|Any CPU = Release|Any CPU
	EndGlobalSection
	GlobalSection(ProjectConfigurationPlatforms) = postSolution
		{1AFBDE64-8836-41E6-8F32-AC383F883ACD}.Debug|Any CPU.ActiveCfg = Debug|Any CPU
		{1AFBDE64-8836-41E6-8F32-AC383F883ACD}.Debug|Any CPU.Build.0 = Debug|Any CPU
		{1AFBDE64-8836-41E6-8F32-AC383F883ACD}.Release|Any CPU.ActiveCfg = Release|Any CPU
		{1AFBDE64-8836-41E6-8F32-AC383F883ACD}.Release|Any CPU.Build.0 = Release|Any CPU
	EndGlobalSection
	GlobalSection(SolutionProperties) = preSolution
		HideSolutionNode = FALSE
	EndGlobalSection
	GlobalSection(ExtensibilityGlobals) = postSolution
		SolutionGuid = {F9E47D38-344D-4697-B2FE-4E7238FE8998}
	EndGlobalSection
EndGlobal
